
Microsoft Visual Studio Solution File, Format Version 12.00
# Visual Studio Version 17
VisualStudioVersion = 17.3.32929.385
MinimumVisualStudioVersion = 10.0.40219.1
Project("{FAE04EC0-301F-11D3-BF4B-00C04F79EFBC}") = "Matches", "Matches\Matches.csproj", "{FCD74ACF-1C38-4498-A3BA-0D8DA87CB126}"
EndProject
Global
	GlobalSection(SolutionConfigurationPlatforms) = preSolution
		Debug|Any CPU = Debug|Any CPU
		Release|Any CPU = Release|Any CPU
	EndGlobalSection
	GlobalSection(ProjectConfigurationPlatforms) = postSolution
		{FCD74ACF-1C38-4498-A3BA-0D8DA87CB126}.Debug|Any CPU.ActiveCfg = Debug|Any CPU
		{FCD74ACF-1C38-4498-A3BA-0D8DA87CB126}.Debug|Any CPU.Build.0 = Debug|Any CPU
		{FCD74ACF-1C38-4498-A3BA-0D8DA87CB126}.Release|Any CPU.ActiveCfg = Release|Any CPU
		{FCD74ACF-1C38-4498-A3BA-0D8DA87CB126}.Release|Any CPU.Build.0 = Release|Any CPU
	EndGlobalSection
	GlobalSection(SolutionProperties) = preSolution
		HideSolutionNode = FALSE
	EndGlobalSection
	GlobalSection(ExtensibilityGlobals) = postSolution
		SolutionGuid = {6AFC0F5C-514C-4CBA-8C34-EB8921F74CC7}
	EndGlobalSection
EndGlobal
